
Microsoft Visual Studio Solution File, Format Version 12.00
# Visual Studio Version 16
VisualStudioVersion = 16.0.34114.132
MinimumVisualStudioVersion = 10.0.40219.1
Project("{FAE04EC0-301F-11D3-BF4B-00C04F79EFBC}") = "Tyuiu.MelehovAG.Sprint0.Task0.V0", "Tyuiu.MelehovAG.Sprint0.Task0.V0\Tyuiu.MelehovAG.Sprint0.Task0.V0.csproj", "{52CA0FA3-49E3-4E0F-A290-FAF085B7A5F6}"
EndProject
Project("{2150E333-8FDC-42A3-9474-1A3956D46DE8}") = "Task0", "Task0", "{70D006A8-A7DE-4D9B-94B3-087DA6AFBE9B}"
EndProject
Project("{2150E333-8FDC-42A3-9474-1A3956D46DE8}") = "Task1", "Task1", "{0E17C197-84ED-493B-A2CF-C831382567D0}"
EndProject
Project("{2150E333-8FDC-42A3-9474-1A3956D46DE8}") = "Task2", "Task2", "{F0D6DAA3-9F1A-4D56-8949-F3E662DA4072}"
EndProject
Project("{2150E333-8FDC-42A3-9474-1A3956D46DE8}") = "Task3", "Task3", "{63EF4481-6E5C-4B8B-B312-88A242D23F56}"
EndProject
Project("{2150E333-8FDC-42A3-9474-1A3956D46DE8}") = "Task4", "Task4", "{BAEF036E-E073-4590-8E9B-BBBBF14B3D44}"
EndProject
Project("{2150E333-8FDC-42A3-9474-1A3956D46DE8}") = "Task5", "Task5", "{46EA302F-60ED-466B-8BE7-829E3F8DAF52}"
EndProject
Project("{2150E333-8FDC-42A3-9474-1A3956D46DE8}") = "Task6", "Task6", "{F4D4B304-0F89-425C-B957-009185DE8C55}"
EndProject
Project("{2150E333-8FDC-42A3-9474-1A3956D46DE8}") = "Task7", "Task7", "{FEAAB17E-C7FE-4545-A963-CCE9FEED8BA5}"
EndProject
Project("{FAE04EC0-301F-11D3-BF4B-00C04F79EFBC}") = "Tyuiu.MelehovAG.Sprint0.Task1.V0", "Tyuiu.MelehovAG.Sprint0.Task1.V0\Tyuiu.MelehovAG.Sprint0.Task1.V0.csproj", "{81636594-8DE2-4F00-BA84-D91B01FA1E4D}"
EndProject
Project("{FAE04EC0-301F-11D3-BF4B-00C04F79EFBC}") = "Tyuiu.MelehovAG.Sprint0.Task2.V0", "Tyuiu.MelehovAG.Sprint0.Task2.V0\Tyuiu.MelehovAG.Sprint0.Task2.V0.csproj", "{060F604F-CE8D-41B4-B593-177242D13830}"
EndProject
Project("{FAE04EC0-301F-11D3-BF4B-00C04F79EFBC}") = "Tyuiu.MelehovAG.Sprint0.Task2.V0.Lib", "Tyuiu.MelehovAG.Sprint0.Task2.V0.Lib\Tyuiu.MelehovAG.Sprint0.Task2.V0.Lib.csproj", "{5DF2F73A-AAA6-4425-9380-46457B26909C}"
EndProject
Project("{FAE04EC0-301F-11D3-BF4B-00C04F79EFBC}") = "Tyuiu.MelehovAG.Sprint0.Task2.V0.Test", "Tyuiu.MelehovAG.Sprint0.Task2.V0.Test\Tyuiu.MelehovAG.Sprint0.Task2.V0.Test.csproj", "{F70FCDDF-10ED-4218-8F4F-0F88CAF039E1}"
EndProject
Project("{FAE04EC0-301F-11D3-BF4B-00C04F79EFBC}") = "Tyuiu.MelehovAG.Sprint0.Task3.V0", "Tyuiu.MelehovAG.Sprint0.Task3.V0\Tyuiu.MelehovAG.Sprint0.Task3.V0.csproj", "{68595B53-BF46-4791-ADE7-2BDDA89E2EBD}"
EndProject
Project("{FAE04EC0-301F-11D3-BF4B-00C04F79EFBC}") = "Tyuiu.MelehovAG.Sprint0.Task3.V0.Lib", "Tyuiu.MelehovAG.Sprint0.Task3.V0.Lib\Tyuiu.MelehovAG.Sprint0.Task3.V0.Lib.csproj", "{B02E8A83-70BB-40E7-8808-D79FED27F96F}"
EndProject
Project("{FAE04EC0-301F-11D3-BF4B-00C04F79EFBC}") = "Tyuiu.MelehovAG.Sprint0.Task3.V0.Test", "Tyuiu.MelehovAG.Sprint0.Task3.V0.Test\Tyuiu.MelehovAG.Sprint0.Task3.V0.Test.csproj", "{708408B6-2597-4D09-BC39-DBF7F466A150}"
EndProject
Project("{FAE04EC0-301F-11D3-BF4B-00C04F79EFBC}") = "Tyuiu.MelehovAG.Sprint0.Task4.V0", "Tyuiu.MelehovAG.Sprint0.Task4.V0\Tyuiu.MelehovAG.Sprint0.Task4.V0.csproj", "{A594695F-1110-4AEB-A1F6-99A0012F9082}"
EndProject
Project("{FAE04EC0-301F-11D3-BF4B-00C04F79EFBC}") = "Tyuiu.MelehovAG.Sprint0.Task4.V0.Lib", "Tyuiu.MelehovAG.Sprint0.Task4.V0.Lib\Tyuiu.MelehovAG.Sprint0.Task4.V0.Lib.csproj", "{09980123-19C6-43DC-8C94-2AF8475F967D}"
EndProject
Project("{FAE04EC0-301F-11D3-BF4B-00C04F79EFBC}") = "Tyuiu.MelehovAG.Sprint0.Task4.V0.Test", "Tyuiu.MelehovAG.Sprint0.Task4.V0.Test\Tyuiu.MelehovAG.Sprint0.Task4.V0.Test.csproj", "{2BC1DFD4-D97E-4FBA-B2AE-07C3AEB1E3EF}"
EndProject
Project("{FAE04EC0-301F-11D3-BF4B-00C04F79EFBC}") = "Tyuiu.MelehovAG.Sprint0.Task5.V0", "Tyuiu.MelehovAG.Sprint0.Task5.V0\Tyuiu.MelehovAG.Sprint0.Task5.V0.csproj", "{5A8F066C-2FB5-418C-966C-87FD8572C7B0}"
EndProject
Project("{FAE04EC0-301F-11D3-BF4B-00C04F79EFBC}") = "Tyuiu.MelehovAG.Sprint0.Task5.V0.Lib", "Tyuiu.MelehovAG.Sprint0.Task5.V0.Lib\Tyuiu.MelehovAG.Sprint0.Task5.V0.Lib.csproj", "{BB8845A1-3EB1-45AC-A931-B2E46263A43D}"
EndProject
Project("{FAE04EC0-301F-11D3-BF4B-00C04F79EFBC}") = "Tyuiu.MelehovAG.Sprint0.Task5.V0.Test", "Tyuiu.MelehovAG.Sprint0.Task5.V0.Test\Tyuiu.MelehovAG.Sprint0.Task5.V0.Test.csproj", "{AC55C78C-3600-418F-B92C-943FF7E48721}"
EndProject
Project("{FAE04EC0-301F-11D3-BF4B-00C04F79EFBC}") = "Tyuiu.MelehovAG.Sprint0.Task6.V0", "Tyuiu.MelehovAG.Sprint0.Task6.V0\Tyuiu.MelehovAG.Sprint0.Task6.V0.csproj", "{E8B1411A-F86B-472F-90C9-1498662EA221}"
EndProject
Project("{FAE04EC0-301F-11D3-BF4B-00C04F79EFBC}") = "Tyuiu.MelehovAG.Sprint0.Task6.V0.Lib", "Tyuiu.MelehovAG.Sprint0.Task6.V0.Lib\Tyuiu.MelehovAG.Sprint0.Task6.V0.Lib.csproj", "{828E18F1-6E6B-444E-A1BD-ADC849805AD5}"
EndProject
Project("{FAE04EC0-301F-11D3-BF4B-00C04F79EFBC}") = "Tyuiu.MelehovAG.Sprint0.Task6.V0.Test", "Tyuiu.MelehovAG.Sprint0.Task6.V0.Test\Tyuiu.MelehovAG.Sprint0.Task6.V0.Test.csproj", "{7073EEC9-4AD7-44CC-95F9-2AE4D5DD401F}"
EndProject
Project("{FAE04EC0-301F-11D3-BF4B-00C04F79EFBC}") = "Tyuiu.MelehovAG.Sprint0.Task7.V0", "Tyuiu.MelehovAG.Sprint0.Task7.V0\Tyuiu.MelehovAG.Sprint0.Task7.V0.csproj", "{1D39E5BE-3110-4351-928C-C2C2AC2C7FE1}"
EndProject
Project("{FAE04EC0-301F-11D3-BF4B-00C04F79EFBC}") = "Tyuiu.MelehovAG.Sprint0.Task7.V0.Lib", "Tyuiu.MelehovAG.Sprint0.Task7.V0.Lib\Tyuiu.MelehovAG.Sprint0.Task7.V0.Lib.csproj", "{C8F15FCE-87A3-4674-8F5B-03643B49A75E}"
EndProject
Project("{FAE04EC0-301F-11D3-BF4B-00C04F79EFBC}") = "Tyuiu.MelehovAG.Sprint0.Task7.V0.Test", "Tyuiu.MelehovAG.Sprint0.Task7.V0.Test\Tyuiu.MelehovAG.Sprint0.Task7.V0.Test.csproj", "{76242260-4C7C-499B-9A8C-2F9B2210314C}"
EndProject
Global
	GlobalSection(SolutionConfigurationPlatforms) = preSolution
		Debug|Any CPU = Debug|Any CPU
		Release|Any CPU = Release|Any CPU
	EndGlobalSection
	GlobalSection(ProjectConfigurationPlatforms) = postSolution
		{52CA0FA3-49E3-4E0F-A290-FAF085B7A5F6}.Debug|Any CPU.ActiveCfg = Debug|Any CPU
		{52CA0FA3-49E3-4E0F-A290-FAF085B7A5F6}.Debug|Any CPU.Build.0 = Debug|Any CPU
		{52CA0FA3-49E3-4E0F-A290-FAF085B7A5F6}.Release|Any CPU.ActiveCfg = Release|Any CPU
		{52CA0FA3-49E3-4E0F-A290-FAF085B7A5F6}.Release|Any CPU.Build.0 = Release|Any CPU
		{81636594-8DE2-4F00-BA84-D91B01FA1E4D}.Debug|Any CPU.ActiveCfg = Debug|Any CPU
		{81636594-8DE2-4F00-BA84-D91B01FA1E4D}.Debug|Any CPU.Build.0 = Debug|Any CPU
		{81636594-8DE2-4F00-BA84-D91B01FA1E4D}.Release|Any CPU.ActiveCfg = Release|Any CPU
		{81636594-8DE2-4F00-BA84-D91B01FA1E4D}.Release|Any CPU.Build.0 = Release|Any CPU
		{060F604F-CE8D-41B4-B593-177242D13830}.Debug|Any CPU.ActiveCfg = Debug|Any CPU
		{060F604F-CE8D-41B4-B593-177242D13830}.Debug|Any CPU.Build.0 = Debug|Any CPU
		{060F604F-CE8D-41B4-B593-177242D13830}.Release|Any CPU.ActiveCfg = Release|Any CPU
		{060F604F-CE8D-41B4-B593-177242D13830}.Release|Any CPU.Build.0 = Release|Any CPU
		{5DF2F73A-AAA6-4425-9380-46457B26909C}.Debug|Any CPU.ActiveCfg = Debug|Any CPU
		{5DF2F73A-AAA6-4425-9380-46457B26909C}.Debug|Any CPU.Build.0 = Debug|Any CPU
		{5DF2F73A-AAA6-4425-9380-46457B26909C}.Release|Any CPU.ActiveCfg = Release|Any CPU
		{5DF2F73A-AAA6-4425-9380-46457B26909C}.Release|Any CPU.Build.0 = Release|Any CPU
		{F70FCDDF-10ED-4218-8F4F-0F88CAF039E1}.Debug|Any CPU.ActiveCfg = Debug|Any CPU
		{F70FCDDF-10ED-4218-8F4F-0F88CAF039E1}.Debug|Any CPU.Build.0 = Debug|Any CPU
		{F70FCDDF-10ED-4218-8F4F-0F88CAF039E1}.Release|Any CPU.ActiveCfg = Release|Any CPU
		{F70FCDDF-10ED-4218-8F4F-0F88CAF039E1}.Release|Any CPU.Build.0 = Release|Any CPU
		{68595B53-BF46-4791-ADE7-2BDDA89E2EBD}.Debug|Any CPU.ActiveCfg = Debug|Any CPU
		{68595B53-BF46-4791-ADE7-2BDDA89E2EBD}.Debug|Any CPU.Build.0 = Debug|Any CPU
		{68595B53-BF46-4791-ADE7-2BDDA89E2EBD}.Release|Any CPU.ActiveCfg = Release|Any CPU
		{68595B53-BF46-4791-ADE7-2BDDA89E2EBD}.Release|Any CPU.Build.0 = Release|Any CPU
		{B02E8A83-70BB-40E7-8808-D79FED27F96F}.Debug|Any CPU.ActiveCfg = Debug|Any CPU
		{B02E8A83-70BB-40E7-8808-D79FED27F96F}.Debug|Any CPU.Build.0 = Debug|Any CPU
		{B02E8A83-70BB-40E7-8808-D79FED27F96F}.Release|Any CPU.ActiveCfg = Release|Any CPU
		{B02E8A83-70BB-40E7-8808-D79FED27F96F}.Release|Any CPU.Build.0 = Release|Any CPU
		{708408B6-2597-4D09-BC39-DBF7F466A150}.Debug|Any CPU.ActiveCfg = Debug|Any CPU
		{708408B6-2597-4D09-BC39-DBF7F466A150}.Debug|Any CPU.Build.0 = Debug|Any CPU
		{708408B6-2597-4D09-BC39-DBF7F466A150}.Release|Any CPU.ActiveCfg = Release|Any CPU
		{708408B6-2597-4D09-BC39-DBF7F466A150}.Release|Any CPU.Build.0 = Release|Any CPU
		{A594695F-1110-4AEB-A1F6-99A0012F9082}.Debug|Any CPU.ActiveCfg = Debug|Any CPU
		{A594695F-1110-4AEB-A1F6-99A0012F9082}.Debug|Any CPU.Build.0 = Debug|Any CPU
		{A594695F-1110-4AEB-A1F6-99A0012F9082}.Release|Any CPU.ActiveCfg = Release|Any CPU
		{A594695F-1110-4AEB-A1F6-99A0012F9082}.Release|Any CPU.Build.0 = Release|Any CPU
		{09980123-19C6-43DC-8C94-2AF8475F967D}.Debug|Any CPU.ActiveCfg = Debug|Any CPU
		{09980123-19C6-43DC-8C94-2AF8475F967D}.Debug|Any CPU.Build.0 = Debug|Any CPU
		{09980123-19C6-43DC-8C94-2AF8475F967D}.Release|Any CPU.ActiveCfg = Release|Any CPU
		{09980123-19C6-43DC-8C94-2AF8475F967D}.Release|Any CPU.Build.0 = Release|Any CPU
		{2BC1DFD4-D97E-4FBA-B2AE-07C3AEB1E3EF}.Debug|Any CPU.ActiveCfg = Debug|Any CPU
		{2BC1DFD4-D97E-4FBA-B2AE-07C3AEB1E3EF}.Debug|Any CPU.Build.0 = Debug|Any CPU
		{2BC1DFD4-D97E-4FBA-B2AE-07C3AEB1E3EF}.Release|Any CPU.ActiveCfg = Release|Any CPU
		{2BC1DFD4-D97E-4FBA-B2AE-07C3AEB1E3EF}.Release|Any CPU.Build.0 = Release|Any CPU
		{5A8F066C-2FB5-418C-966C-87FD8572C7B0}.Debug|Any CPU.ActiveCfg = Debug|Any CPU
		{5A8F066C-2FB5-418C-966C-87FD8572C7B0}.Debug|Any CPU.Build.0 = Debug|Any CPU
		{5A8F066C-2FB5-418C-966C-87FD8572C7B0}.Release|Any CPU.ActiveCfg = Release|Any CPU
		{5A8F066C-2FB5-418C-966C-87FD8572C7B0}.Release|Any CPU.Build.0 = Release|Any CPU
		{BB8845A1-3EB1-45AC-A931-B2E46263A43D}.Debug|Any CPU.ActiveCfg = Debug|Any CPU
		{BB8845A1-3EB1-45AC-A931-B2E46263A43D}.Debug|Any CPU.Build.0 = Debug|Any CPU
		{BB8845A1-3EB1-45AC-A931-B2E46263A43D}.Release|Any CPU.ActiveCfg = Release|Any CPU
		{BB8845A1-3EB1-45AC-A931-B2E46263A43D}.Release|Any CPU.Build.0 = Release|Any CPU
		{AC55C78C-3600-418F-B92C-943FF7E48721}.Debug|Any CPU.ActiveCfg = Debug|Any CPU
		{AC55C78C-3600-418F-B92C-943FF7E48721}.Debug|Any CPU.Build.0 = Debug|Any CPU
		{AC55C78C-3600-418F-B92C-943FF7E48721}.Release|Any CPU.ActiveCfg = Release|Any CPU
		{AC55C78C-3600-418F-B92C-943FF7E48721}.Release|Any CPU.Build.0 = Release|Any CPU
		{E8B1411A-F86B-472F-90C9-1498662EA221}.Debug|Any CPU.ActiveCfg = Debug|Any CPU
		{E8B1411A-F86B-472F-90C9-1498662EA221}.Debug|Any CPU.Build.0 = Debug|Any CPU
		{E8B1411A-F86B-472F-90C9-1498662EA221}.Release|Any CPU.ActiveCfg = Release|Any CPU
		{E8B1411A-F86B-472F-90C9-1498662EA221}.Release|Any CPU.Build.0 = Release|Any CPU
		{828E18F1-6E6B-444E-A1BD-ADC849805AD5}.Debug|Any CPU.ActiveCfg = Debug|Any CPU
		{828E18F1-6E6B-444E-A1BD-ADC849805AD5}.Debug|Any CPU.Build.0 = Debug|Any CPU
		{828E18F1-6E6B-444E-A1BD-ADC849805AD5}.Release|Any CPU.ActiveCfg = Release|Any CPU
		{828E18F1-6E6B-444E-A1BD-ADC849805AD5}.Release|Any CPU.Build.0 = Release|Any CPU
		{7073EEC9-4AD7-44CC-95F9-2AE4D5DD401F}.Debug|Any CPU.ActiveCfg = Debug|Any CPU
		{7073EEC9-4AD7-44CC-95F9-2AE4D5DD401F}.Debug|Any CPU.Build.0 = Debug|Any CPU
		{7073EEC9-4AD7-44CC-95F9-2AE4D5DD401F}.Release|Any CPU.ActiveCfg = Release|Any CPU
		{7073EEC9-4AD7-44CC-95F9-2AE4D5DD401F}.Release|Any CPU.Build.0 = Release|Any CPU
		{1D39E5BE-3110-4351-928C-C2C2AC2C7FE1}.Debug|Any CPU.ActiveCfg = Debug|Any CPU
		{1D39E5BE-3110-4351-928C-C2C2AC2C7FE1}.Debug|Any CPU.Build.0 = Debug|Any CPU
		{1D39E5BE-3110-4351-928C-C2C2AC2C7FE1}.Release|Any CPU.ActiveCfg = Release|Any CPU
		{1D39E5BE-3110-4351-928C-C2C2AC2C7FE1}.Release|Any CPU.Build.0 = Release|Any CPU
		{C8F15FCE-87A3-4674-8F5B-03643B49A75E}.Debug|Any CPU.ActiveCfg = Debug|Any CPU
		{C8F15FCE-87A3-4674-8F5B-03643B49A75E}.Debug|Any CPU.Build.0 = Debug|Any CPU
		{C8F15FCE-87A3-4674-8F5B-03643B49A75E}.Release|Any CPU.ActiveCfg = Release|Any CPU
		{C8F15FCE-87A3-4674-8F5B-03643B49A75E}.Release|Any CPU.Build.0 = Release|Any CPU
		{76242260-4C7C-499B-9A8C-2F9B2210314C}.Debug|Any CPU.ActiveCfg = Debug|Any CPU
		{76242260-4C7C-499B-9A8C-2F9B2210314C}.Debug|Any CPU.Build.0 = Debug|Any CPU
		{76242260-4C7C-499B-9A8C-2F9B2210314C}.Release|Any CPU.ActiveCfg = Release|Any CPU
		{76242260-4C7C-499B-9A8C-2F9B2210314C}.Release|Any CPU.Build.0 = Release|Any CPU
	EndGlobalSection
	GlobalSection(SolutionProperties) = preSolution
		HideSolutionNode = FALSE
	EndGlobalSection
	GlobalSection(NestedProjects) = preSolution
		{52CA0FA3-49E3-4E0F-A290-FAF085B7A5F6} = {70D006A8-A7DE-4D9B-94B3-087DA6AFBE9B}
		{81636594-8DE2-4F00-BA84-D91B01FA1E4D} = {0E17C197-84ED-493B-A2CF-C831382567D0}
		{060F604F-CE8D-41B4-B593-177242D13830} = {F0D6DAA3-9F1A-4D56-8949-F3E662DA4072}
		{5DF2F73A-AAA6-4425-9380-46457B26909C} = {F0D6DAA3-9F1A-4D56-8949-F3E662DA4072}
		{F70FCDDF-10ED-4218-8F4F-0F88CAF039E1} = {F0D6DAA3-9F1A-4D56-8949-F3E662DA4072}
		{68595B53-BF46-4791-ADE7-2BDDA89E2EBD} = {63EF4481-6E5C-4B8B-B312-88A242D23F56}
		{B02E8A83-70BB-40E7-8808-D79FED27F96F} = {63EF4481-6E5C-4B8B-B312-88A242D23F56}
		{708408B6-2597-4D09-BC39-DBF7F466A150} = {63EF4481-6E5C-4B8B-B312-88A242D23F56}
		{A594695F-1110-4AEB-A1F6-99A0012F9082} = {BAEF036E-E073-4590-8E9B-BBBBF14B3D44}
		{09980123-19C6-43DC-8C94-2AF8475F967D} = {BAEF036E-E073-4590-8E9B-BBBBF14B3D44}
		{2BC1DFD4-D97E-4FBA-B2AE-07C3AEB1E3EF} = {BAEF036E-E073-4590-8E9B-BBBBF14B3D44}
		{5A8F066C-2FB5-418C-966C-87FD8572C7B0} = {46EA302F-60ED-466B-8BE7-829E3F8DAF52}
		{BB8845A1-3EB1-45AC-A931-B2E46263A43D} = {46EA302F-60ED-466B-8BE7-829E3F8DAF52}
		{AC55C78C-3600-418F-B92C-943FF7E48721} = {46EA302F-60ED-466B-8BE7-829E3F8DAF52}
		{E8B1411A-F86B-472F-90C9-1498662EA221} = {F4D4B304-0F89-425C-B957-009185DE8C55}
		{828E18F1-6E6B-444E-A1BD-ADC849805AD5} = {F4D4B304-0F89-425C-B957-009185DE8C55}
		{7073EEC9-4AD7-44CC-95F9-2AE4D5DD401F} = {F4D4B304-0F89-425C-B957-009185DE8C55}
		{1D39E5BE-3110-4351-928C-C2C2AC2C7FE1} = {FEAAB17E-C7FE-4545-A963-CCE9FEED8BA5}
		{C8F15FCE-87A3-4674-8F5B-03643B49A75E} = {FEAAB17E-C7FE-4545-A963-CCE9FEED8BA5}
		{76242260-4C7C-499B-9A8C-2F9B2210314C} = {FEAAB17E-C7FE-4545-A963-CCE9FEED8BA5}
	EndGlobalSection
	GlobalSection(ExtensibilityGlobals) = postSolution
		SolutionGuid = {ED4C36B1-D512-4032-902A-024A9FC2B930}
	EndGlobalSection
EndGlobal
