
Microsoft Visual Studio Solution File, Format Version 12.00
# Visual Studio Version 16
VisualStudioVersion = 16.0.34114.132
MinimumVisualStudioVersion = 10.0.40219.1
Project("{FAE04EC0-301F-11D3-BF4B-00C04F79EFBC}") = "Tyuiu.MelehovAG.Sprint0.Task0.V0", "Tyuiu.MelehovAG.Sprint0.Task0.V0\Tyuiu.MelehovAG.Sprint0.Task0.V0.csproj", "{52CA0FA3-49E3-4E0F-A290-FAF085B7A5F6}"
EndProject
Global
	GlobalSection(SolutionConfigurationPlatforms) = preSolution
		Debug|Any CPU = Debug|Any CPU
		Release|Any CPU = Release|Any CPU
	EndGlobalSection
	GlobalSection(ProjectConfigurationPlatforms) = postSolution
		{52CA0FA3-49E3-4E0F-A290-FAF085B7A5F6}.Debug|Any CPU.ActiveCfg = Debug|Any CPU
		{52CA0FA3-49E3-4E0F-A290-FAF085B7A5F6}.Debug|Any CPU.Build.0 = Debug|Any CPU
		{52CA0FA3-49E3-4E0F-A290-FAF085B7A5F6}.Release|Any CPU.ActiveCfg = Release|Any CPU
		{52CA0FA3-49E3-4E0F-A290-FAF085B7A5F6}.Release|Any CPU.Build.0 = Release|Any CPU
	EndGlobalSection
	GlobalSection(SolutionProperties) = preSolution
		HideSolutionNode = FALSE
	EndGlobalSection
	GlobalSection(ExtensibilityGlobals) = postSolution
		SolutionGuid = {ED4C36B1-D512-4032-902A-024A9FC2B930}
	EndGlobalSection
EndGlobal
